
Microsoft Visual Studio Solution File, Format Version 12.00
# Visual Studio Version 17
VisualStudioVersion = 17.8.34525.116
MinimumVisualStudioVersion = 10.0.40219.1
Project("{FAE04EC0-301F-11D3-BF4B-00C04F79EFBC}") = "WebApp7ByManshi", "WebApp7ByManshi\WebApp7ByManshi.csproj", "{44EA0E37-268C-428D-BDBF-3EDCC8D12556}"
EndProject
Global
	GlobalSection(SolutionConfigurationPlatforms) = preSolution
		Debug|Any CPU = Debug|Any CPU
		Release|Any CPU = Release|Any CPU
	EndGlobalSection
	GlobalSection(ProjectConfigurationPlatforms) = postSolution
		{44EA0E37-268C-428D-BDBF-3EDCC8D12556}.Debug|Any CPU.ActiveCfg = Debug|Any CPU
		{44EA0E37-268C-428D-BDBF-3EDCC8D12556}.Debug|Any CPU.Build.0 = Debug|Any CPU
		{44EA0E37-268C-428D-BDBF-3EDCC8D12556}.Release|Any CPU.ActiveCfg = Release|Any CPU
		{44EA0E37-268C-428D-BDBF-3EDCC8D12556}.Release|Any CPU.Build.0 = Release|Any CPU
	EndGlobalSection
	GlobalSection(SolutionProperties) = preSolution
		HideSolutionNode = FALSE
	EndGlobalSection
	GlobalSection(ExtensibilityGlobals) = postSolution
		SolutionGuid = {664B0A26-E220-4B60-9FFF-0BB8943CA345}
	EndGlobalSection
EndGlobal
